// !$*UTF8*$!
{
	archiveVersion = 1;
	classes = {
	};
	objectVersion = 77;
	objects = {

/* Begin PBXBuildFile section */
		3B24C4A42CDC1A1B008E8544 /* Assets.xcassets in Resources */ = {isa = PBXBuildFile; fileRef = 3B24C4952CDC1A1B008E8544 /* Assets.xcassets */; };
		3B24C4A52CDC1A1B008E8544 /* GoogleService-Info.plist in Resources */ = {isa = PBXBuildFile; fileRef = 3B24C49D2CDC1A1B008E8544 /* GoogleService-Info.plist */; };
		3B24C4A82CDC1A1B008E8544 /* CreateAccountView.swift in Sources */ = {isa = PBXBuildFile; fileRef = 3B24C4972CDC1A1B008E8544 /* CreateAccountView.swift */; };
		3B24C4AA2CDC1A1B008E8544 /* DelivererView.swift in Sources */ = {isa = PBXBuildFile; fileRef = 3B24C4992CDC1A1B008E8544 /* DelivererView.swift */; };
		3B24C4AB2CDC1A1B008E8544 /* DeliveryView.swift in Sources */ = {isa = PBXBuildFile; fileRef = 3B24C49A2CDC1A1B008E8544 /* DeliveryView.swift */; };
		3B24C4AC2CDC1A1B008E8544 /* DiningHall.swift in Sources */ = {isa = PBXBuildFile; fileRef = 3B24C49B2CDC1A1B008E8544 /* DiningHall.swift */; };
		3B24C4AD2CDC1A1B008E8544 /* EagleEatsFinalProjectApp.swift in Sources */ = {isa = PBXBuildFile; fileRef = 3B24C49C2CDC1A1B008E8544 /* EagleEatsFinalProjectApp.swift */; };
		3B24C4AE2CDC1A1B008E8544 /* HomeView.swift in Sources */ = {isa = PBXBuildFile; fileRef = 3B24C49E2CDC1A1B008E8544 /* HomeView.swift */; };
		3B24C4AF2CDC1A1B008E8544 /* LoginView.swift in Sources */ = {isa = PBXBuildFile; fileRef = 3B24C4A02CDC1A1B008E8544 /* LoginView.swift */; };
		3B24C4B02CDC1A1B008E8544 /* LogoView.swift in Sources */ = {isa = PBXBuildFile; fileRef = 3B24C4A12CDC1A1B008E8544 /* LogoView.swift */; };
		3B24C4D62CDC2166008E8544 /* Order.swift in Sources */ = {isa = PBXBuildFile; fileRef = 3B24C4D52CDC2166008E8544 /* Order.swift */; };
		3B24C4D82CDC21F0008E8544 /* Item.swift in Sources */ = {isa = PBXBuildFile; fileRef = 3B24C4D72CDC21F0008E8544 /* Item.swift */; };
		3B3AAB5E2D0143120017E80A /* LoginRegisterViewModel.swift in Sources */ = {isa = PBXBuildFile; fileRef = 3B3AAB5D2D0143120017E80A /* LoginRegisterViewModel.swift */; };
		3B3AAB602D0143600017E80A /* User.swift in Sources */ = {isa = PBXBuildFile; fileRef = 3B3AAB5F2D0143600017E80A /* User.swift */; };
		3B46560A2CFEBE340090530E /* ConfirmOrderView.swift in Sources */ = {isa = PBXBuildFile; fileRef = 3B4656092CFEBE340090530E /* ConfirmOrderView.swift */; };
		3B80EFEF2D022E3A00203F3E /* LocationManager.swift in Sources */ = {isa = PBXBuildFile; fileRef = 3B80EFEE2D022E3A00203F3E /* LocationManager.swift */; };
		3B80F0092D0291D000203F3E /* DiningHallViewModel.swift in Sources */ = {isa = PBXBuildFile; fileRef = 3B80F0082D0291D000203F3E /* DiningHallViewModel.swift */; };
		3BA4C8A72CC6FCEF00F10878 /* FirebaseAuth in Frameworks */ = {isa = PBXBuildFile; productRef = 3BA4C8A62CC6FCEF00F10878 /* FirebaseAuth */; };
		3BA4C8A92CC6FCEF00F10878 /* FirebaseFirestore in Frameworks */ = {isa = PBXBuildFile; productRef = 3BA4C8A82CC6FCEF00F10878 /* FirebaseFirestore */; };
		3BA4C8AB2CC6FCEF00F10878 /* FirebaseStorage in Frameworks */ = {isa = PBXBuildFile; productRef = 3BA4C8AA2CC6FCEF00F10878 /* FirebaseStorage */; };
		3BA889572CFE2FBA0001423B /* DelivererOrdersView.swift in Sources */ = {isa = PBXBuildFile; fileRef = 3BA889562CFE2FBA0001423B /* DelivererOrdersView.swift */; };
		3BA889592CFE93A00001423B /* LockedOrderView.swift in Sources */ = {isa = PBXBuildFile; fileRef = 3BA889582CFE93A00001423B /* LockedOrderView.swift */; };
		3BA8895B2CFE99B30001423B /* OrderViewModel.swift in Sources */ = {isa = PBXBuildFile; fileRef = 3BA8895A2CFE99B30001423B /* OrderViewModel.swift */; };
		3BC63CE82D02C4450063A87A /* DelivererConfirmView.swift in Sources */ = {isa = PBXBuildFile; fileRef = 3BC63CE72D02C4450063A87A /* DelivererConfirmView.swift */; };
		3BD6DDB12D01330500D39165 /* ItemListView.swift in Sources */ = {isa = PBXBuildFile; fileRef = 3BD6DDB02D01330500D39165 /* ItemListView.swift */; };
		3BF09CE62CFB92FD004D2D01 /* OrderView.swift in Sources */ = {isa = PBXBuildFile; fileRef = 3BF09CE52CFB92FD004D2D01 /* OrderView.swift */; };
		3BF6BEBE2D01384200CA4FE5 /* Dorm.swift in Sources */ = {isa = PBXBuildFile; fileRef = 3BF6BEBD2D01384200CA4FE5 /* Dorm.swift */; };
/* End PBXBuildFile section */

/* Begin PBXFileReference section */
		3B12DB8C2C8936B7004F298F /* EagleEatsFinalProject.app */ = {isa = PBXFileReference; explicitFileType = wrapper.application; includeInIndex = 0; path = EagleEatsFinalProject.app; sourceTree = BUILT_PRODUCTS_DIR; };
		3B24C4932CDC1A1B008E8544 /* Preview Assets.xcassets */ = {isa = PBXFileReference; lastKnownFileType = folder.assetcatalog; path = "Preview Assets.xcassets"; sourceTree = "<group>"; };
		3B24C4952CDC1A1B008E8544 /* Assets.xcassets */ = {isa = PBXFileReference; lastKnownFileType = folder.assetcatalog; path = Assets.xcassets; sourceTree = "<group>"; };
		3B24C4972CDC1A1B008E8544 /* CreateAccountView.swift */ = {isa = PBXFileReference; lastKnownFileType = sourcecode.swift; path = CreateAccountView.swift; sourceTree = "<group>"; };
		3B24C4992CDC1A1B008E8544 /* DelivererView.swift */ = {isa = PBXFileReference; lastKnownFileType = sourcecode.swift; path = DelivererView.swift; sourceTree = "<group>"; };
		3B24C49A2CDC1A1B008E8544 /* DeliveryView.swift */ = {isa = PBXFileReference; lastKnownFileType = sourcecode.swift; path = DeliveryView.swift; sourceTree = "<group>"; };
		3B24C49B2CDC1A1B008E8544 /* DiningHall.swift */ = {isa = PBXFileReference; lastKnownFileType = sourcecode.swift; path = DiningHall.swift; sourceTree = "<group>"; };
		3B24C49C2CDC1A1B008E8544 /* EagleEatsFinalProjectApp.swift */ = {isa = PBXFileReference; lastKnownFileType = sourcecode.swift; path = EagleEatsFinalProjectApp.swift; sourceTree = "<group>"; };
		3B24C49D2CDC1A1B008E8544 /* GoogleService-Info.plist */ = {isa = PBXFileReference; lastKnownFileType = text.plist.xml; path = "GoogleService-Info.plist"; sourceTree = "<group>"; };
		3B24C49E2CDC1A1B008E8544 /* HomeView.swift */ = {isa = PBXFileReference; lastKnownFileType = sourcecode.swift; path = HomeView.swift; sourceTree = "<group>"; };
		3B24C49F2CDC1A1B008E8544 /* Info.plist */ = {isa = PBXFileReference; lastKnownFileType = text.plist.xml; path = Info.plist; sourceTree = "<group>"; };
		3B24C4A02CDC1A1B008E8544 /* LoginView.swift */ = {isa = PBXFileReference; lastKnownFileType = sourcecode.swift; path = LoginView.swift; sourceTree = "<group>"; };
		3B24C4A12CDC1A1B008E8544 /* LogoView.swift */ = {isa = PBXFileReference; lastKnownFileType = sourcecode.swift; path = LogoView.swift; sourceTree = "<group>"; };
		3B24C4D52CDC2166008E8544 /* Order.swift */ = {isa = PBXFileReference; lastKnownFileType = sourcecode.swift; path = Order.swift; sourceTree = "<group>"; };
		3B24C4D72CDC21F0008E8544 /* Item.swift */ = {isa = PBXFileReference; lastKnownFileType = sourcecode.swift; path = Item.swift; sourceTree = "<group>"; };
		3B3AAB5D2D0143120017E80A /* LoginRegisterViewModel.swift */ = {isa = PBXFileReference; lastKnownFileType = sourcecode.swift; path = LoginRegisterViewModel.swift; sourceTree = "<group>"; };
		3B3AAB5F2D0143600017E80A /* User.swift */ = {isa = PBXFileReference; lastKnownFileType = sourcecode.swift; path = User.swift; sourceTree = "<group>"; };
		3B4656092CFEBE340090530E /* ConfirmOrderView.swift */ = {isa = PBXFileReference; lastKnownFileType = sourcecode.swift; path = ConfirmOrderView.swift; sourceTree = "<group>"; };
		3B80EFEE2D022E3A00203F3E /* LocationManager.swift */ = {isa = PBXFileReference; lastKnownFileType = sourcecode.swift; path = LocationManager.swift; sourceTree = "<group>"; };
		3B80F0082D0291D000203F3E /* DiningHallViewModel.swift */ = {isa = PBXFileReference; lastKnownFileType = sourcecode.swift; path = DiningHallViewModel.swift; sourceTree = "<group>"; };
		3BA889562CFE2FBA0001423B /* DelivererOrdersView.swift */ = {isa = PBXFileReference; lastKnownFileType = sourcecode.swift; path = DelivererOrdersView.swift; sourceTree = "<group>"; };
		3BA889582CFE93A00001423B /* LockedOrderView.swift */ = {isa = PBXFileReference; lastKnownFileType = sourcecode.swift; path = LockedOrderView.swift; sourceTree = "<group>"; };
		3BA8895A2CFE99B30001423B /* OrderViewModel.swift */ = {isa = PBXFileReference; lastKnownFileType = sourcecode.swift; path = OrderViewModel.swift; sourceTree = "<group>"; };
		3BC63CE72D02C4450063A87A /* DelivererConfirmView.swift */ = {isa = PBXFileReference; lastKnownFileType = sourcecode.swift; path = DelivererConfirmView.swift; sourceTree = "<group>"; };
		3BD6DDB02D01330500D39165 /* ItemListView.swift */ = {isa = PBXFileReference; lastKnownFileType = sourcecode.swift; path = ItemListView.swift; sourceTree = "<group>"; };
		3BF09CE52CFB92FD004D2D01 /* OrderView.swift */ = {isa = PBXFileReference; lastKnownFileType = sourcecode.swift; path = OrderView.swift; sourceTree = "<group>"; };
		3BF6BEBD2D01384200CA4FE5 /* Dorm.swift */ = {isa = PBXFileReference; lastKnownFileType = sourcecode.swift; path = Dorm.swift; sourceTree = "<group>"; };
/* End PBXFileReference section */

/* Begin PBXFrameworksBuildPhase section */
		3B12DB892C8936B7004F298F /* Frameworks */ = {
			isa = PBXFrameworksBuildPhase;
			buildActionMask = 2147483647;
			files = (
				3BA4C8A72CC6FCEF00F10878 /* FirebaseAuth in Frameworks */,
				3BA4C8A92CC6FCEF00F10878 /* FirebaseFirestore in Frameworks */,
				3BA4C8AB2CC6FCEF00F10878 /* FirebaseStorage in Frameworks */,
			);
			runOnlyForDeploymentPostprocessing = 0;
		};
/* End PBXFrameworksBuildPhase section */

/* Begin PBXGroup section */
		3B12DB832C8936B7004F298F = {
			isa = PBXGroup;
			children = (
				3B24C4A22CDC1A1B008E8544 /* EagleEatsFinalProject */,
				3B12DB8D2C8936B7004F298F /* Products */,
			);
			sourceTree = "<group>";
		};
		3B12DB8D2C8936B7004F298F /* Products */ = {
			isa = PBXGroup;
			children = (
				3B12DB8C2C8936B7004F298F /* EagleEatsFinalProject.app */,
			);
			name = Products;
			sourceTree = "<group>";
		};
		3B24C4942CDC1A1B008E8544 /* Preview Content */ = {
			isa = PBXGroup;
			children = (
				3B24C4932CDC1A1B008E8544 /* Preview Assets.xcassets */,
			);
			path = "Preview Content";
			sourceTree = "<group>";
		};
		3B24C4A22CDC1A1B008E8544 /* EagleEatsFinalProject */ = {
			isa = PBXGroup;
			children = (
				3B24C49C2CDC1A1B008E8544 /* EagleEatsFinalProjectApp.swift */,
				3B80EFF02D022E4800203F3E /* Views */,
				3B80EFF42D022F0600203F3E /* Models */,
				3B80F0102D02AA4300203F3E /* ViewModels */,
				3B24C4952CDC1A1B008E8544 /* Assets.xcassets */,
				3B24C49D2CDC1A1B008E8544 /* GoogleService-Info.plist */,
				3B24C49F2CDC1A1B008E8544 /* Info.plist */,
				3B24C4942CDC1A1B008E8544 /* Preview Content */,
			);
			path = EagleEatsFinalProject;
			sourceTree = "<group>";
		};
		3B80EFF02D022E4800203F3E /* Views */ = {
			isa = PBXGroup;
			children = (
				3B80EFF12D022E7000203F3E /* Initial Views */,
				3B80EFF22D022E8C00203F3E /* Delivery Views */,
				3B80EFF32D022EA600203F3E /* Deliverer Views */,
			);
			path = Views;
			sourceTree = "<group>";
		};
		3B80EFF12D022E7000203F3E /* Initial Views */ = {
			isa = PBXGroup;
			children = (
				3B24C4A12CDC1A1B008E8544 /* LogoView.swift */,
				3B24C4A02CDC1A1B008E8544 /* LoginView.swift */,
				3B24C4972CDC1A1B008E8544 /* CreateAccountView.swift */,
				3B24C49E2CDC1A1B008E8544 /* HomeView.swift */,
			);
			path = "Initial Views";
			sourceTree = "<group>";
		};
		3B80EFF22D022E8C00203F3E /* Delivery Views */ = {
			isa = PBXGroup;
			children = (
				3B24C49A2CDC1A1B008E8544 /* DeliveryView.swift */,
				3BF09CE52CFB92FD004D2D01 /* OrderView.swift */,
				3B4656092CFEBE340090530E /* ConfirmOrderView.swift */,
				3BA889582CFE93A00001423B /* LockedOrderView.swift */,
			);
			path = "Delivery Views";
			sourceTree = "<group>";
		};
		3B80EFF32D022EA600203F3E /* Deliverer Views */ = {
			isa = PBXGroup;
			children = (
				3B24C4992CDC1A1B008E8544 /* DelivererView.swift */,
				3BA889562CFE2FBA0001423B /* DelivererOrdersView.swift */,
				3BC63CE72D02C4450063A87A /* DelivererConfirmView.swift */,
				3BD6DDB02D01330500D39165 /* ItemListView.swift */,
			);
			path = "Deliverer Views";
			sourceTree = "<group>";
		};
		3B80EFF42D022F0600203F3E /* Models */ = {
			isa = PBXGroup;
			children = (
				3B3AAB5F2D0143600017E80A /* User.swift */,
				3B24C49B2CDC1A1B008E8544 /* DiningHall.swift */,
				3BF6BEBD2D01384200CA4FE5 /* Dorm.swift */,
				3B24C4D72CDC21F0008E8544 /* Item.swift */,
				3B24C4D52CDC2166008E8544 /* Order.swift */,
			);
			path = Models;
			sourceTree = "<group>";
		};
		3B80F0102D02AA4300203F3E /* ViewModels */ = {
			isa = PBXGroup;
			children = (
				3B3AAB5D2D0143120017E80A /* LoginRegisterViewModel.swift */,
				3B80F0082D0291D000203F3E /* DiningHallViewModel.swift */,
				3BA8895A2CFE99B30001423B /* OrderViewModel.swift */,
				3B80EFEE2D022E3A00203F3E /* LocationManager.swift */,
			);
			path = ViewModels;
			sourceTree = "<group>";
		};
/* End PBXGroup section */

/* Begin PBXNativeTarget section */
		3B12DB8B2C8936B7004F298F /* EagleEatsFinalProject */ = {
			isa = PBXNativeTarget;
			buildConfigurationList = 3B12DB9A2C8936BA004F298F /* Build configuration list for PBXNativeTarget "EagleEatsFinalProject" */;
			buildPhases = (
				3B12DB882C8936B7004F298F /* Sources */,
				3B12DB892C8936B7004F298F /* Frameworks */,
				3B12DB8A2C8936B7004F298F /* Resources */,
			);
			buildRules = (
			);
			dependencies = (
			);
			name = EagleEatsFinalProject;
			packageProductDependencies = (
				3BA4C8A62CC6FCEF00F10878 /* FirebaseAuth */,
				3BA4C8A82CC6FCEF00F10878 /* FirebaseFirestore */,
				3BA4C8AA2CC6FCEF00F10878 /* FirebaseStorage */,
			);
			productName = EagleEatsFinalProject;
			productReference = 3B12DB8C2C8936B7004F298F /* EagleEatsFinalProject.app */;
			productType = "com.apple.product-type.application";
		};
/* End PBXNativeTarget section */

/* Begin PBXProject section */
		3B12DB842C8936B7004F298F /* Project object */ = {
			isa = PBXProject;
			attributes = {
				BuildIndependentTargetsInParallel = 1;
				LastSwiftUpdateCheck = 1600;
				LastUpgradeCheck = 1600;
				TargetAttributes = {
					3B12DB8B2C8936B7004F298F = {
						CreatedOnToolsVersion = 16.0;
					};
				};
			};
			buildConfigurationList = 3B12DB872C8936B7004F298F /* Build configuration list for PBXProject "EagleEatsFinalProject" */;
			developmentRegion = en;
			hasScannedForEncodings = 0;
			knownRegions = (
				en,
				Base,
			);
			mainGroup = 3B12DB832C8936B7004F298F;
			minimizedProjectReferenceProxies = 1;
			packageReferences = (
				3BA4C8A52CC6FCEF00F10878 /* XCRemoteSwiftPackageReference "firebase-ios-sdk" */,
			);
			preferredProjectObjectVersion = 77;
			productRefGroup = 3B12DB8D2C8936B7004F298F /* Products */;
			projectDirPath = "";
			projectRoot = "";
			targets = (
				3B12DB8B2C8936B7004F298F /* EagleEatsFinalProject */,
			);
		};
/* End PBXProject section */

/* Begin PBXResourcesBuildPhase section */
		3B12DB8A2C8936B7004F298F /* Resources */ = {
			isa = PBXResourcesBuildPhase;
			buildActionMask = 2147483647;
			files = (
				3B24C4A42CDC1A1B008E8544 /* Assets.xcassets in Resources */,
				3B24C4A52CDC1A1B008E8544 /* GoogleService-Info.plist in Resources */,
			);
			runOnlyForDeploymentPostprocessing = 0;
		};
/* End PBXResourcesBuildPhase section */

/* Begin PBXSourcesBuildPhase section */
		3B12DB882C8936B7004F298F /* Sources */ = {
			isa = PBXSourcesBuildPhase;
			buildActionMask = 2147483647;
			files = (
				3B24C4A82CDC1A1B008E8544 /* CreateAccountView.swift in Sources */,
				3B24C4D62CDC2166008E8544 /* Order.swift in Sources */,
				3B24C4AA2CDC1A1B008E8544 /* DelivererView.swift in Sources */,
				3BA889592CFE93A00001423B /* LockedOrderView.swift in Sources */,
				3B3AAB5E2D0143120017E80A /* LoginRegisterViewModel.swift in Sources */,
				3B24C4AB2CDC1A1B008E8544 /* DeliveryView.swift in Sources */,
				3B24C4AC2CDC1A1B008E8544 /* DiningHall.swift in Sources */,
				3B24C4D82CDC21F0008E8544 /* Item.swift in Sources */,
				3B3AAB602D0143600017E80A /* User.swift in Sources */,
				3B24C4AD2CDC1A1B008E8544 /* EagleEatsFinalProjectApp.swift in Sources */,
				3B80F0092D0291D000203F3E /* DiningHallViewModel.swift in Sources */,
				3B46560A2CFEBE340090530E /* ConfirmOrderView.swift in Sources */,
				3B24C4AE2CDC1A1B008E8544 /* HomeView.swift in Sources */,
				3BF09CE62CFB92FD004D2D01 /* OrderView.swift in Sources */,
				3BF6BEBE2D01384200CA4FE5 /* Dorm.swift in Sources */,
				3BC63CE82D02C4450063A87A /* DelivererConfirmView.swift in Sources */,
				3BD6DDB12D01330500D39165 /* ItemListView.swift in Sources */,
				3B24C4AF2CDC1A1B008E8544 /* LoginView.swift in Sources */,
				3B80EFEF2D022E3A00203F3E /* LocationManager.swift in Sources */,
				3BA8895B2CFE99B30001423B /* OrderViewModel.swift in Sources */,
				3B24C4B02CDC1A1B008E8544 /* LogoView.swift in Sources */,
				3BA889572CFE2FBA0001423B /* DelivererOrdersView.swift in Sources */,
			);
			runOnlyForDeploymentPostprocessing = 0;
		};
/* End PBXSourcesBuildPhase section */

/* Begin XCBuildConfiguration section */
		3B12DB982C8936BA004F298F /* Debug */ = {
			isa = XCBuildConfiguration;
			buildSettings = {
				ALWAYS_SEARCH_USER_PATHS = NO;
				ASSETCATALOG_COMPILER_GENERATE_SWIFT_ASSET_SYMBOL_EXTENSIONS = YES;
				CLANG_ANALYZER_NONNULL = YES;
				CLANG_ANALYZER_NUMBER_OBJECT_CONVERSION = YES_AGGRESSIVE;
				CLANG_CXX_LANGUAGE_STANDARD = "gnu++20";
				CLANG_ENABLE_MODULES = YES;
				CLANG_ENABLE_OBJC_ARC = YES;
				CLANG_ENABLE_OBJC_WEAK = YES;
				CLANG_WARN_BLOCK_CAPTURE_AUTORELEASING = YES;
				CLANG_WARN_BOOL_CONVERSION = YES;
				CLANG_WARN_COMMA = YES;
				CLANG_WARN_CONSTANT_CONVERSION = YES;
				CLANG_WARN_DEPRECATED_OBJC_IMPLEMENTATIONS = YES;
				CLANG_WARN_DIRECT_OBJC_ISA_USAGE = YES_ERROR;
				CLANG_WARN_DOCUMENTATION_COMMENTS = YES;
				CLANG_WARN_EMPTY_BODY = YES;
				CLANG_WARN_ENUM_CONVERSION = YES;
				CLANG_WARN_INFINITE_RECURSION = YES;
				CLANG_WARN_INT_CONVERSION = YES;
				CLANG_WARN_NON_LITERAL_NULL_CONVERSION = YES;
				CLANG_WARN_OBJC_IMPLICIT_RETAIN_SELF = YES;
				CLANG_WARN_OBJC_LITERAL_CONVERSION = YES;
				CLANG_WARN_OBJC_ROOT_CLASS = YES_ERROR;
				CLANG_WARN_QUOTED_INCLUDE_IN_FRAMEWORK_HEADER = YES;
				CLANG_WARN_RANGE_LOOP_ANALYSIS = YES;
				CLANG_WARN_STRICT_PROTOTYPES = YES;
				CLANG_WARN_SUSPICIOUS_MOVE = YES;
				CLANG_WARN_UNGUARDED_AVAILABILITY = YES_AGGRESSIVE;
				CLANG_WARN_UNREACHABLE_CODE = YES;
				CLANG_WARN__DUPLICATE_METHOD_MATCH = YES;
				COPY_PHASE_STRIP = NO;
				DEBUG_INFORMATION_FORMAT = dwarf;
				ENABLE_STRICT_OBJC_MSGSEND = YES;
				ENABLE_TESTABILITY = YES;
				ENABLE_USER_SCRIPT_SANDBOXING = YES;
				GCC_C_LANGUAGE_STANDARD = gnu17;
				GCC_DYNAMIC_NO_PIC = NO;
				GCC_NO_COMMON_BLOCKS = YES;
				GCC_OPTIMIZATION_LEVEL = 0;
				GCC_PREPROCESSOR_DEFINITIONS = (
					"DEBUG=1",
					"$(inherited)",
				);
				GCC_WARN_64_TO_32_BIT_CONVERSION = YES;
				GCC_WARN_ABOUT_RETURN_TYPE = YES_ERROR;
				GCC_WARN_UNDECLARED_SELECTOR = YES;
				GCC_WARN_UNINITIALIZED_AUTOS = YES_AGGRESSIVE;
				GCC_WARN_UNUSED_FUNCTION = YES;
				GCC_WARN_UNUSED_VARIABLE = YES;
				IPHONEOS_DEPLOYMENT_TARGET = 18.0;
				LOCALIZATION_PREFERS_STRING_CATALOGS = YES;
				MTL_ENABLE_DEBUG_INFO = INCLUDE_SOURCE;
				MTL_FAST_MATH = YES;
				ONLY_ACTIVE_ARCH = YES;
				SDKROOT = iphoneos;
				SWIFT_ACTIVE_COMPILATION_CONDITIONS = "DEBUG $(inherited)";
				SWIFT_OPTIMIZATION_LEVEL = "-Onone";
			};
			name = Debug;
		};
		3B12DB992C8936BA004F298F /* Release */ = {
			isa = XCBuildConfiguration;
			buildSettings = {
				ALWAYS_SEARCH_USER_PATHS = NO;
				ASSETCATALOG_COMPILER_GENERATE_SWIFT_ASSET_SYMBOL_EXTENSIONS = YES;
				CLANG_ANALYZER_NONNULL = YES;
				CLANG_ANALYZER_NUMBER_OBJECT_CONVERSION = YES_AGGRESSIVE;
				CLANG_CXX_LANGUAGE_STANDARD = "gnu++20";
				CLANG_ENABLE_MODULES = YES;
				CLANG_ENABLE_OBJC_ARC = YES;
				CLANG_ENABLE_OBJC_WEAK = YES;
				CLANG_WARN_BLOCK_CAPTURE_AUTORELEASING = YES;
				CLANG_WARN_BOOL_CONVERSION = YES;
				CLANG_WARN_COMMA = YES;
				CLANG_WARN_CONSTANT_CONVERSION = YES;
				CLANG_WARN_DEPRECATED_OBJC_IMPLEMENTATIONS = YES;
				CLANG_WARN_DIRECT_OBJC_ISA_USAGE = YES_ERROR;
				CLANG_WARN_DOCUMENTATION_COMMENTS = YES;
				CLANG_WARN_EMPTY_BODY = YES;
				CLANG_WARN_ENUM_CONVERSION = YES;
				CLANG_WARN_INFINITE_RECURSION = YES;
				CLANG_WARN_INT_CONVERSION = YES;
				CLANG_WARN_NON_LITERAL_NULL_CONVERSION = YES;
				CLANG_WARN_OBJC_IMPLICIT_RETAIN_SELF = YES;
				CLANG_WARN_OBJC_LITERAL_CONVERSION = YES;
				CLANG_WARN_OBJC_ROOT_CLASS = YES_ERROR;
				CLANG_WARN_QUOTED_INCLUDE_IN_FRAMEWORK_HEADER = YES;
				CLANG_WARN_RANGE_LOOP_ANALYSIS = YES;
				CLANG_WARN_STRICT_PROTOTYPES = YES;
				CLANG_WARN_SUSPICIOUS_MOVE = YES;
				CLANG_WARN_UNGUARDED_AVAILABILITY = YES_AGGRESSIVE;
				CLANG_WARN_UNREACHABLE_CODE = YES;
				CLANG_WARN__DUPLICATE_METHOD_MATCH = YES;
				COPY_PHASE_STRIP = NO;
				DEBUG_INFORMATION_FORMAT = "dwarf-with-dsym";
				ENABLE_NS_ASSERTIONS = NO;
				ENABLE_STRICT_OBJC_MSGSEND = YES;
				ENABLE_USER_SCRIPT_SANDBOXING = YES;
				GCC_C_LANGUAGE_STANDARD = gnu17;
				GCC_NO_COMMON_BLOCKS = YES;
				GCC_WARN_64_TO_32_BIT_CONVERSION = YES;
				GCC_WARN_ABOUT_RETURN_TYPE = YES_ERROR;
				GCC_WARN_UNDECLARED_SELECTOR = YES;
				GCC_WARN_UNINITIALIZED_AUTOS = YES_AGGRESSIVE;
				GCC_WARN_UNUSED_FUNCTION = YES;
				GCC_WARN_UNUSED_VARIABLE = YES;
				IPHONEOS_DEPLOYMENT_TARGET = 18.0;
				LOCALIZATION_PREFERS_STRING_CATALOGS = YES;
				MTL_ENABLE_DEBUG_INFO = NO;
				MTL_FAST_MATH = YES;
				SDKROOT = iphoneos;
				SWIFT_COMPILATION_MODE = wholemodule;
				VALIDATE_PRODUCT = YES;
			};
			name = Release;
		};
		3B12DB9B2C8936BA004F298F /* Debug */ = {
			isa = XCBuildConfiguration;
			buildSettings = {
				ASSETCATALOG_COMPILER_APPICON_NAME = AppIcon;
				ASSETCATALOG_COMPILER_GLOBAL_ACCENT_COLOR_NAME = AccentColor;
				CODE_SIGN_STYLE = Automatic;
				CURRENT_PROJECT_VERSION = 1;
				DEVELOPMENT_ASSET_PATHS = "\"EagleEatsFinalProject/Preview Content\"";
				DEVELOPMENT_TEAM = ZPGXATN95S;
				ENABLE_PREVIEWS = YES;
				GENERATE_INFOPLIST_FILE = YES;
				INFOPLIST_FILE = EagleEatsFinalProject/Info.plist;
				INFOPLIST_KEY_CFBundleDisplayName = "Eagle Eats";
				INFOPLIST_KEY_LSApplicationCategoryType = "";
				INFOPLIST_KEY_NSHumanReadableCopyright = "";
				INFOPLIST_KEY_NSLocationAlwaysAndWhenInUseUsageDescription = "This App Requires Location Services";
				INFOPLIST_KEY_NSLocationWhenInUseUsageDescription = "This App Requires Location Services";
				INFOPLIST_KEY_UIApplicationSceneManifest_Generation = YES;
				INFOPLIST_KEY_UIApplicationSupportsIndirectInputEvents = YES;
				INFOPLIST_KEY_UILaunchStoryboardName = "";
				INFOPLIST_KEY_UISupportedInterfaceOrientations = UIInterfaceOrientationPortrait;
				LD_RUNPATH_SEARCH_PATHS = (
					"$(inherited)",
					"@executable_path/Frameworks",
				);
				MARKETING_VERSION = 1.0;
				PRODUCT_BUNDLE_IDENTIFIER = Halen.EagleEatsFinalProject;
				PRODUCT_NAME = "$(TARGET_NAME)";
				SWIFT_EMIT_LOC_STRINGS = YES;
				SWIFT_VERSION = 5.0;
				TARGETED_DEVICE_FAMILY = "1,2";
			};
			name = Debug;
		};
		3B12DB9C2C8936BA004F298F /* Release */ = {
			isa = XCBuildConfiguration;
			buildSettings = {
				ASSETCATALOG_COMPILER_APPICON_NAME = AppIcon;
				ASSETCATALOG_COMPILER_GLOBAL_ACCENT_COLOR_NAME = AccentColor;
				CODE_SIGN_STYLE = Automatic;
				CURRENT_PROJECT_VERSION = 1;
				DEVELOPMENT_ASSET_PATHS = "\"EagleEatsFinalProject/Preview Content\"";
				DEVELOPMENT_TEAM = ZPGXATN95S;
				ENABLE_PREVIEWS = YES;
				GENERATE_INFOPLIST_FILE = YES;
				INFOPLIST_FILE = EagleEatsFinalProject/Info.plist;
				INFOPLIST_KEY_CFBundleDisplayName = "Eagle Eats";
				INFOPLIST_KEY_LSApplicationCategoryType = "";
				INFOPLIST_KEY_NSHumanReadableCopyright = "";
				INFOPLIST_KEY_NSLocationAlwaysAndWhenInUseUsageDescription = "This App Requires Location Services";
				INFOPLIST_KEY_NSLocationWhenInUseUsageDescription = "This App Requires Location Services";
				INFOPLIST_KEY_UIApplicationSceneManifest_Generation = YES;
				INFOPLIST_KEY_UIApplicationSupportsIndirectInputEvents = YES;
				INFOPLIST_KEY_UILaunchStoryboardName = "";
				INFOPLIST_KEY_UISupportedInterfaceOrientations = UIInterfaceOrientationPortrait;
				LD_RUNPATH_SEARCH_PATHS = (
					"$(inherited)",
					"@executable_path/Frameworks",
				);
				MARKETING_VERSION = 1.0;
				PRODUCT_BUNDLE_IDENTIFIER = Halen.EagleEatsFinalProject;
				PRODUCT_NAME = "$(TARGET_NAME)";
				SWIFT_EMIT_LOC_STRINGS = YES;
				SWIFT_VERSION = 5.0;
				TARGETED_DEVICE_FAMILY = "1,2";
			};
			name = Release;
		};
/* End XCBuildConfiguration section */

/* Begin XCConfigurationList section */
		3B12DB872C8936B7004F298F /* Build configuration list for PBXProject "EagleEatsFinalProject" */ = {
			isa = XCConfigurationList;
			buildConfigurations = (
				3B12DB982C8936BA004F298F /* Debug */,
				3B12DB992C8936BA004F298F /* Release */,
			);
			defaultConfigurationIsVisible = 0;
			defaultConfigurationName = Release;
		};
		3B12DB9A2C8936BA004F298F /* Build configuration list for PBXNativeTarget "EagleEatsFinalProject" */ = {
			isa = XCConfigurationList;
			buildConfigurations = (
				3B12DB9B2C8936BA004F298F /* Debug */,
				3B12DB9C2C8936BA004F298F /* Release */,
			);
			defaultConfigurationIsVisible = 0;
			defaultConfigurationName = Release;
		};
/* End XCConfigurationList section */

/* Begin XCRemoteSwiftPackageReference section */
		3BA4C8A52CC6FCEF00F10878 /* XCRemoteSwiftPackageReference "firebase-ios-sdk" */ = {
			isa = XCRemoteSwiftPackageReference;
			repositoryURL = "https://github.com/firebase/firebase-ios-sdk.git";
			requirement = {
				kind = upToNextMajorVersion;
				minimumVersion = 11.4.0;
			};
		};
/* End XCRemoteSwiftPackageReference section */

/* Begin XCSwiftPackageProductDependency section */
		3BA4C8A62CC6FCEF00F10878 /* FirebaseAuth */ = {
			isa = XCSwiftPackageProductDependency;
			package = 3BA4C8A52CC6FCEF00F10878 /* XCRemoteSwiftPackageReference "firebase-ios-sdk" */;
			productName = FirebaseAuth;
		};
		3BA4C8A82CC6FCEF00F10878 /* FirebaseFirestore */ = {
			isa = XCSwiftPackageProductDependency;
			package = 3BA4C8A52CC6FCEF00F10878 /* XCRemoteSwiftPackageReference "firebase-ios-sdk" */;
			productName = FirebaseFirestore;
		};
		3BA4C8AA2CC6FCEF00F10878 /* FirebaseStorage */ = {
			isa = XCSwiftPackageProductDependency;
			package = 3BA4C8A52CC6FCEF00F10878 /* XCRemoteSwiftPackageReference "firebase-ios-sdk" */;
			productName = FirebaseStorage;
		};
/* End XCSwiftPackageProductDependency section */
	};
	rootObject = 3B12DB842C8936B7004F298F /* Project object */;
}
